// !$*UTF8*$!
{
	archiveVersion = 1;
	classes = {
	};
	objectVersion = 50;
	objects = {

/* Begin PBXBuildFile section */
		FAE9DF76248F7BC2000A29FA /* AppDelegate.swift in Sources */ = {isa = PBXBuildFile; fileRef = FAE9DF75248F7BC2000A29FA /* AppDelegate.swift */; };
		FAE9DF78248F7BC2000A29FA /* SceneDelegate.swift in Sources */ = {isa = PBXBuildFile; fileRef = FAE9DF77248F7BC2000A29FA /* SceneDelegate.swift */; };
		FAE9DF7A248F7BC2000A29FA /* ViewController.swift in Sources */ = {isa = PBXBuildFile; fileRef = FAE9DF79248F7BC2000A29FA /* ViewController.swift */; };
		FAE9DF7D248F7BC2000A29FA /* Main.storyboard in Resources */ = {isa = PBXBuildFile; fileRef = FAE9DF7B248F7BC2000A29FA /* Main.storyboard */; };
		FAE9DF7F248F7BC4000A29FA /* Assets.xcassets in Resources */ = {isa = PBXBuildFile; fileRef = FAE9DF7E248F7BC4000A29FA /* Assets.xcassets */; };
		FAE9DF82248F7BC4000A29FA /* LaunchScreen.storyboard in Resources */ = {isa = PBXBuildFile; fileRef = FAE9DF80248F7BC4000A29FA /* LaunchScreen.storyboard */; };
/* End PBXBuildFile section */

/* Begin PBXFileReference section */
		FAE9DF72248F7BC2000A29FA /* Persons List.app */ = {isa = PBXFileReference; explicitFileType = wrapper.application; includeInIndex = 0; path = "Persons List.app"; sourceTree = BUILT_PRODUCTS_DIR; };
		FAE9DF75248F7BC2000A29FA /* AppDelegate.swift */ = {isa = PBXFileReference; lastKnownFileType = sourcecode.swift; path = AppDelegate.swift; sourceTree = "<group>"; };
		FAE9DF77248F7BC2000A29FA /* SceneDelegate.swift */ = {isa = PBXFileReference; lastKnownFileType = sourcecode.swift; path = SceneDelegate.swift; sourceTree = "<group>"; };
		FAE9DF79248F7BC2000A29FA /* ViewController.swift */ = {isa = PBXFileReference; lastKnownFileType = sourcecode.swift; path = ViewController.swift; sourceTree = "<group>"; };
		FAE9DF7C248F7BC2000A29FA /* Base */ = {isa = PBXFileReference; lastKnownFileType = file.storyboard; name = Base; path = Base.lproj/Main.storyboard; sourceTree = "<group>"; };
		FAE9DF7E248F7BC4000A29FA /* Assets.xcassets */ = {isa = PBXFileReference; lastKnownFileType = folder.assetcatalog; path = Assets.xcassets; sourceTree = "<group>"; };
		FAE9DF81248F7BC4000A29FA /* Base */ = {isa = PBXFileReference; lastKnownFileType = file.storyboard; name = Base; path = Base.lproj/LaunchScreen.storyboard; sourceTree = "<group>"; };
		FAE9DF83248F7BC4000A29FA /* Info.plist */ = {isa = PBXFileReference; lastKnownFileType = text.plist.xml; path = Info.plist; sourceTree = "<group>"; };
/* End PBXFileReference section */

/* Begin PBXFrameworksBuildPhase section */
		FAE9DF6F248F7BC2000A29FA /* Frameworks */ = {
			isa = PBXFrameworksBuildPhase;
			buildActionMask = 2147483647;
			files = (
			);
			runOnlyForDeploymentPostprocessing = 0;
		};
/* End PBXFrameworksBuildPhase section */

/* Begin PBXGroup section */
		FAE9DF69248F7BC2000A29FA = {
			isa = PBXGroup;
			children = (
				FAE9DF74248F7BC2000A29FA /* Persons List */,
				FAE9DF73248F7BC2000A29FA /* Products */,
			);
			sourceTree = "<group>";
		};
		FAE9DF73248F7BC2000A29FA /* Products */ = {
			isa = PBXGroup;
			children = (
				FAE9DF72248F7BC2000A29FA /* Persons List.app */,
			);
			name = Products;
			sourceTree = "<group>";
		};
		FAE9DF74248F7BC2000A29FA /* Persons List */ = {
			isa = PBXGroup;
			children = (
				FAE9DF75248F7BC2000A29FA /* AppDelegate.swift */,
				FAE9DF77248F7BC2000A29FA /* SceneDelegate.swift */,
				FAE9DF79248F7BC2000A29FA /* ViewController.swift */,
				FAE9DF7B248F7BC2000A29FA /* Main.storyboard */,
				FAE9DF7E248F7BC4000A29FA /* Assets.xcassets */,
				FAE9DF80248F7BC4000A29FA /* LaunchScreen.storyboard */,
				FAE9DF83248F7BC4000A29FA /* Info.plist */,
			);
			path = "Persons List";
			sourceTree = "<group>";
		};
/* End PBXGroup section */

/* Begin PBXNativeTarget section */
		FAE9DF71248F7BC2000A29FA /* Persons List */ = {
			isa = PBXNativeTarget;
			buildConfigurationList = FAE9DF86248F7BC4000A29FA /* Build configuration list for PBXNativeTarget "Persons List" */;
			buildPhases = (
				FAE9DF6E248F7BC2000A29FA /* Sources */,
				FAE9DF6F248F7BC2000A29FA /* Frameworks */,
				FAE9DF70248F7BC2000A29FA /* Resources */,
			);
			buildRules = (
			);
			dependencies = (
			);
			name = "Persons List";
			productName = "Persons List";
			productReference = FAE9DF72248F7BC2000A29FA /* Persons List.app */;
			productType = "com.apple.product-type.application";
		};
/* End PBXNativeTarget section */

/* Begin PBXProject section */
		FAE9DF6A248F7BC2000A29FA /* Project object */ = {
			isa = PBXProject;
			attributes = {
				LastSwiftUpdateCheck = 1140;
				LastUpgradeCheck = 1140;
				ORGANIZATIONNAME = "Александр Умаров";
				TargetAttributes = {
					FAE9DF71248F7BC2000A29FA = {
						CreatedOnToolsVersion = 11.4.1;
					};
				};
			};
			buildConfigurationList = FAE9DF6D248F7BC2000A29FA /* Build configuration list for PBXProject "Persons List" */;
			compatibilityVersion = "Xcode 9.3";
			developmentRegion = en;
			hasScannedForEncodings = 0;
			knownRegions = (
				en,
				Base,
			);
			mainGroup = FAE9DF69248F7BC2000A29FA;
			productRefGroup = FAE9DF73248F7BC2000A29FA /* Products */;
			projectDirPath = "";
			projectRoot = "";
			targets = (
				FAE9DF71248F7BC2000A29FA /* Persons List */,
			);
		};
/* End PBXProject section */

/* Begin PBXResourcesBuildPhase section */
		FAE9DF70248F7BC2000A29FA /* Resources */ = {
			isa = PBXResourcesBuildPhase;
			buildActionMask = 2147483647;
			files = (
				FAE9DF82248F7BC4000A29FA /* LaunchScreen.storyboard in Resources */,
				FAE9DF7F248F7BC4000A29FA /* Assets.xcassets in Resources */,
				FAE9DF7D248F7BC2000A29FA /* Main.storyboard in Resources */,
			);
			runOnlyForDeploymentPostprocessing = 0;
		};
/* End PBXResourcesBuildPhase section */

/* Begin PBXSourcesBuildPhase section */
		FAE9DF6E248F7BC2000A29FA /* Sources */ = {
			isa = PBXSourcesBuildPhase;
			buildActionMask = 2147483647;
			files = (
				FAE9DF7A248F7BC2000A29FA /* ViewController.swift in Sources */,
				FAE9DF76248F7BC2000A29FA /* AppDelegate.swift in Sources */,
				FAE9DF78248F7BC2000A29FA /* SceneDelegate.swift in Sources */,
			);
			runOnlyForDeploymentPostprocessing = 0;
		};
/* End PBXSourcesBuildPhase section */

/* Begin PBXVariantGroup section */
		FAE9DF7B248F7BC2000A29FA /* Main.storyboard */ = {
			isa = PBXVariantGroup;
			children = (
				FAE9DF7C248F7BC2000A29FA /* Base */,
			);
			name = Main.storyboard;
			sourceTree = "<group>";
		};
		FAE9DF80248F7BC4000A29FA /* LaunchScreen.storyboard */ = {
			isa = PBXVariantGroup;
			children = (
				FAE9DF81248F7BC4000A29FA /* Base */,
			);
			name = LaunchScreen.storyboard;
			sourceTree = "<group>";
		};
/* End PBXVariantGroup section */

/* Begin XCBuildConfiguration section */
		FAE9DF84248F7BC4000A29FA /* Debug */ = {
			isa = XCBuildConfiguration;
			buildSettings = {
				ALWAYS_SEARCH_USER_PATHS = NO;
				CLANG_ANALYZER_NONNULL = YES;
				CLANG_ANALYZER_NUMBER_OBJECT_CONVERSION = YES_AGGRESSIVE;
				CLANG_CXX_LANGUAGE_STANDARD = "gnu++14";
				CLANG_CXX_LIBRARY = "libc++";
				CLANG_ENABLE_MODULES = YES;
				CLANG_ENABLE_OBJC_ARC = YES;
				CLANG_ENABLE_OBJC_WEAK = YES;
				CLANG_WARN_BLOCK_CAPTURE_AUTORELEASING = YES;
				CLANG_WARN_BOOL_CONVERSION = YES;
				CLANG_WARN_COMMA = YES;
				CLANG_WARN_CONSTANT_CONVERSION = YES;
				CLANG_WARN_DEPRECATED_OBJC_IMPLEMENTATIONS = YES;
				CLANG_WARN_DIRECT_OBJC_ISA_USAGE = YES_ERROR;
				CLANG_WARN_DOCUMENTATION_COMMENTS = YES;
				CLANG_WARN_EMPTY_BODY = YES;
				CLANG_WARN_ENUM_CONVERSION = YES;
				CLANG_WARN_INFINITE_RECURSION = YES;
				CLANG_WARN_INT_CONVERSION = YES;
				CLANG_WARN_NON_LITERAL_NULL_CONVERSION = YES;
				CLANG_WARN_OBJC_IMPLICIT_RETAIN_SELF = YES;
				CLANG_WARN_OBJC_LITERAL_CONVERSION = YES;
				CLANG_WARN_OBJC_ROOT_CLASS = YES_ERROR;
				CLANG_WARN_RANGE_LOOP_ANALYSIS = YES;
				CLANG_WARN_STRICT_PROTOTYPES = YES;
				CLANG_WARN_SUSPICIOUS_MOVE = YES;
				CLANG_WARN_UNGUARDED_AVAILABILITY = YES_AGGRESSIVE;
				CLANG_WARN_UNREACHABLE_CODE = YES;
				CLANG_WARN__DUPLICATE_METHOD_MATCH = YES;
				COPY_PHASE_STRIP = NO;
				DEBUG_INFORMATION_FORMAT = dwarf;
				ENABLE_STRICT_OBJC_MSGSEND = YES;
				ENABLE_TESTABILITY = YES;
				GCC_C_LANGUAGE_STANDARD = gnu11;
				GCC_DYNAMIC_NO_PIC = NO;
				GCC_NO_COMMON_BLOCKS = YES;
				GCC_OPTIMIZATION_LEVEL = 0;
				GCC_PREPROCESSOR_DEFINITIONS = (
					"DEBUG=1",
					"$(inherited)",
				);
				GCC_WARN_64_TO_32_BIT_CONVERSION = YES;
				GCC_WARN_ABOUT_RETURN_TYPE = YES_ERROR;
				GCC_WARN_UNDECLARED_SELECTOR = YES;
				GCC_WARN_UNINITIALIZED_AUTOS = YES_AGGRESSIVE;
				GCC_WARN_UNUSED_FUNCTION = YES;
				GCC_WARN_UNUSED_VARIABLE = YES;
				IPHONEOS_DEPLOYMENT_TARGET = 13.4;
				MTL_ENABLE_DEBUG_INFO = INCLUDE_SOURCE;
				MTL_FAST_MATH = YES;
				ONLY_ACTIVE_ARCH = YES;
				SDKROOT = iphoneos;
				SWIFT_ACTIVE_COMPILATION_CONDITIONS = DEBUG;
				SWIFT_OPTIMIZATION_LEVEL = "-Onone";
			};
			name = Debug;
		};
		FAE9DF85248F7BC4000A29FA /* Release */ = {
			isa = XCBuildConfiguration;
			buildSettings = {
				ALWAYS_SEARCH_USER_PATHS = NO;
				CLANG_ANALYZER_NONNULL = YES;
				CLANG_ANALYZER_NUMBER_OBJECT_CONVERSION = YES_AGGRESSIVE;
				CLANG_CXX_LANGUAGE_STANDARD = "gnu++14";
				CLANG_CXX_LIBRARY = "libc++";
				CLANG_ENABLE_MODULES = YES;
				CLANG_ENABLE_OBJC_ARC = YES;
				CLANG_ENABLE_OBJC_WEAK = YES;
				CLANG_WARN_BLOCK_CAPTURE_AUTORELEASING = YES;
				CLANG_WARN_BOOL_CONVERSION = YES;
				CLANG_WARN_COMMA = YES;
				CLANG_WARN_CONSTANT_CONVERSION = YES;
				CLANG_WARN_DEPRECATED_OBJC_IMPLEMENTATIONS = YES;
				CLANG_WARN_DIRECT_OBJC_ISA_USAGE = YES_ERROR;
				CLANG_WARN_DOCUMENTATION_COMMENTS = YES;
				CLANG_WARN_EMPTY_BODY = YES;
				CLANG_WARN_ENUM_CONVERSION = YES;
				CLANG_WARN_INFINITE_RECURSION = YES;
				CLANG_WARN_INT_CONVERSION = YES;
				CLANG_WARN_NON_LITERAL_NULL_CONVERSION = YES;
				CLANG_WARN_OBJC_IMPLICIT_RETAIN_SELF = YES;
				CLANG_WARN_OBJC_LITERAL_CONVERSION = YES;
				CLANG_WARN_OBJC_ROOT_CLASS = YES_ERROR;
				CLANG_WARN_RANGE_LOOP_ANALYSIS = YES;
				CLANG_WARN_STRICT_PROTOTYPES = YES;
				CLANG_WARN_SUSPICIOUS_MOVE = YES;
				CLANG_WARN_UNGUARDED_AVAILABILITY = YES_AGGRESSIVE;
				CLANG_WARN_UNREACHABLE_CODE = YES;
				CLANG_WARN__DUPLICATE_METHOD_MATCH = YES;
				COPY_PHASE_STRIP = NO;
				DEBUG_INFORMATION_FORMAT = "dwarf-with-dsym";
				ENABLE_NS_ASSERTIONS = NO;
				ENABLE_STRICT_OBJC_MSGSEND = YES;
				GCC_C_LANGUAGE_STANDARD = gnu11;
				GCC_NO_COMMON_BLOCKS = YES;
				GCC_WARN_64_TO_32_BIT_CONVERSION = YES;
				GCC_WARN_ABOUT_RETURN_TYPE = YES_ERROR;
				GCC_WARN_UNDECLARED_SELECTOR = YES;
				GCC_WARN_UNINITIALIZED_AUTOS = YES_AGGRESSIVE;
				GCC_WARN_UNUSED_FUNCTION = YES;
				GCC_WARN_UNUSED_VARIABLE = YES;
				IPHONEOS_DEPLOYMENT_TARGET = 13.4;
				MTL_ENABLE_DEBUG_INFO = NO;
				MTL_FAST_MATH = YES;
				SDKROOT = iphoneos;
				SWIFT_COMPILATION_MODE = wholemodule;
				SWIFT_OPTIMIZATION_LEVEL = "-O";
				VALIDATE_PRODUCT = YES;
			};
			name = Release;
		};
		FAE9DF87248F7BC4000A29FA /* Debug */ = {
			isa = XCBuildConfiguration;
			buildSettings = {
				ASSETCATALOG_COMPILER_APPICON_NAME = AppIcon;
				CODE_SIGN_STYLE = Automatic;
				DEVELOPMENT_TEAM = B5VM7C6TM4;
				INFOPLIST_FILE = "Persons List/Info.plist";
				LD_RUNPATH_SEARCH_PATHS = (
					"$(inherited)",
					"@executable_path/Frameworks",
				);
				PRODUCT_BUNDLE_IDENTIFIER = "com.jetlaunch.Persons-List";
				PRODUCT_NAME = "$(TARGET_NAME)";
				SWIFT_VERSION = 5.0;
				TARGETED_DEVICE_FAMILY = "1,2";
			};
			name = Debug;
		};
		FAE9DF88248F7BC4000A29FA /* Release */ = {
			isa = XCBuildConfiguration;
			buildSettings = {
				ASSETCATALOG_COMPILER_APPICON_NAME = AppIcon;
				CODE_SIGN_STYLE = Automatic;
				DEVELOPMENT_TEAM = B5VM7C6TM4;
				INFOPLIST_FILE = "Persons List/Info.plist";
				LD_RUNPATH_SEARCH_PATHS = (
					"$(inherited)",
					"@executable_path/Frameworks",
				);
				PRODUCT_BUNDLE_IDENTIFIER = "com.jetlaunch.Persons-List";
				PRODUCT_NAME = "$(TARGET_NAME)";
				SWIFT_VERSION = 5.0;
				TARGETED_DEVICE_FAMILY = "1,2";
			};
			name = Release;
		};
/* End XCBuildConfiguration section */

/* Begin XCConfigurationList section */
		FAE9DF6D248F7BC2000A29FA /* Build configuration list for PBXProject "Persons List" */ = {
			isa = XCConfigurationList;
			buildConfigurations = (
				FAE9DF84248F7BC4000A29FA /* Debug */,
				FAE9DF85248F7BC4000A29FA /* Release */,
			);
			defaultConfigurationIsVisible = 0;
			defaultConfigurationName = Release;
		};
		FAE9DF86248F7BC4000A29FA /* Build configuration list for PBXNativeTarget "Persons List" */ = {
			isa = XCConfigurationList;
			buildConfigurations = (
				FAE9DF87248F7BC4000A29FA /* Debug */,
				FAE9DF88248F7BC4000A29FA /* Release */,
			);
			defaultConfigurationIsVisible = 0;
			defaultConfigurationName = Release;
		};
/* End XCConfigurationList section */
	};
	rootObject = FAE9DF6A248F7BC2000A29FA /* Project object */;
}
